// !$*UTF8*$!
{
	archiveVersion = 1;
	classes = {
	};
	objectVersion = 46;
	objects = {

/* Begin PBXBuildFile section */
		67C1811E198A0A12008980FB /* Foundation.framework in Frameworks */ = {isa = PBXBuildFile; fileRef = 67C1811D198A0A12008980FB /* Foundation.framework */; };
		67C18120198A0A12008980FB /* CoreGraphics.framework in Frameworks */ = {isa = PBXBuildFile; fileRef = 67C1811F198A0A12008980FB /* CoreGraphics.framework */; };
		67C18122198A0A12008980FB /* UIKit.framework in Frameworks */ = {isa = PBXBuildFile; fileRef = 67C18121198A0A12008980FB /* UIKit.framework */; };
		67C18128198A0A12008980FB /* InfoPlist.strings in Resources */ = {isa = PBXBuildFile; fileRef = 67C18126198A0A12008980FB /* InfoPlist.strings */; };
		67C1812A198A0A12008980FB /* main.m in Sources */ = {isa = PBXBuildFile; fileRef = 67C18129198A0A12008980FB /* main.m */; };
		67C1812E198A0A12008980FB /* AppDelegate.m in Sources */ = {isa = PBXBuildFile; fileRef = 67C1812D198A0A12008980FB /* AppDelegate.m */; };
		67C18130198A0A12008980FB /* Images.xcassets in Resources */ = {isa = PBXBuildFile; fileRef = 67C1812F198A0A12008980FB /* Images.xcassets */; };
		67C18137198A0A12008980FB /* XCTest.framework in Frameworks */ = {isa = PBXBuildFile; fileRef = 67C18136198A0A12008980FB /* XCTest.framework */; };
		67C18138198A0A12008980FB /* Foundation.framework in Frameworks */ = {isa = PBXBuildFile; fileRef = 67C1811D198A0A12008980FB /* Foundation.framework */; };
		67C18139198A0A12008980FB /* UIKit.framework in Frameworks */ = {isa = PBXBuildFile; fileRef = 67C18121198A0A12008980FB /* UIKit.framework */; };
		67C18141198A0A12008980FB /* InfoPlist.strings in Resources */ = {isa = PBXBuildFile; fileRef = 67C1813F198A0A12008980FB /* InfoPlist.strings */; };
		67C18143198A0A12008980FB /* ARCTestDemoTests.m in Sources */ = {isa = PBXBuildFile; fileRef = 67C18142198A0A12008980FB /* ARCTestDemoTests.m */; };
		67C1814E198A0A29008980FB /* ViewController.m in Sources */ = {isa = PBXBuildFile; fileRef = 67C1814D198A0A29008980FB /* ViewController.m */; };
		67C18151198A0A8D008980FB /* ARCTestView.m in Sources */ = {isa = PBXBuildFile; fileRef = 67C18150198A0A8D008980FB /* ARCTestView.m */; };
		67C18157198A1247008980FB /* SubView.m in Sources */ = {isa = PBXBuildFile; fileRef = 67C18156198A1247008980FB /* SubView.m */; };
/* End PBXBuildFile section */

/* Begin PBXContainerItemProxy section */
		67C1813A198A0A12008980FB /* PBXContainerItemProxy */ = {
			isa = PBXContainerItemProxy;
			containerPortal = 67C18112198A0A12008980FB /* Project object */;
			proxyType = 1;
			remoteGlobalIDString = 67C18119198A0A12008980FB;
			remoteInfo = ARCTestDemo;
		};
/* End PBXContainerItemProxy section */

/* Begin PBXFileReference section */
		67C1811A198A0A12008980FB /* ARCTestDemo.app */ = {isa = PBXFileReference; explicitFileType = wrapper.application; includeInIndex = 0; path = ARCTestDemo.app; sourceTree = BUILT_PRODUCTS_DIR; };
		67C1811D198A0A12008980FB /* Foundation.framework */ = {isa = PBXFileReference; lastKnownFileType = wrapper.framework; name = Foundation.framework; path = System/Library/Frameworks/Foundation.framework; sourceTree = SDKROOT; };
		67C1811F198A0A12008980FB /* CoreGraphics.framework */ = {isa = PBXFileReference; lastKnownFileType = wrapper.framework; name = CoreGraphics.framework; path = System/Library/Frameworks/CoreGraphics.framework; sourceTree = SDKROOT; };
		67C18121198A0A12008980FB /* UIKit.framework */ = {isa = PBXFileReference; lastKnownFileType = wrapper.framework; name = UIKit.framework; path = System/Library/Frameworks/UIKit.framework; sourceTree = SDKROOT; };
		67C18125198A0A12008980FB /* ARCTestDemo-Info.plist */ = {isa = PBXFileReference; lastKnownFileType = text.plist.xml; path = "ARCTestDemo-Info.plist"; sourceTree = "<group>"; };
		67C18127198A0A12008980FB /* en */ = {isa = PBXFileReference; lastKnownFileType = text.plist.strings; name = en; path = en.lproj/InfoPlist.strings; sourceTree = "<group>"; };
		67C18129198A0A12008980FB /* main.m */ = {isa = PBXFileReference; lastKnownFileType = sourcecode.c.objc; path = main.m; sourceTree = "<group>"; };
		67C1812B198A0A12008980FB /* ARCTestDemo-Prefix.pch */ = {isa = PBXFileReference; lastKnownFileType = sourcecode.c.h; path = "ARCTestDemo-Prefix.pch"; sourceTree = "<group>"; };
		67C1812C198A0A12008980FB /* AppDelegate.h */ = {isa = PBXFileReference; lastKnownFileType = sourcecode.c.h; path = AppDelegate.h; sourceTree = "<group>"; };
		67C1812D198A0A12008980FB /* AppDelegate.m */ = {isa = PBXFileReference; lastKnownFileType = sourcecode.c.objc; path = AppDelegate.m; sourceTree = "<group>"; };
		67C1812F198A0A12008980FB /* Images.xcassets */ = {isa = PBXFileReference; lastKnownFileType = folder.assetcatalog; path = Images.xcassets; sourceTree = "<group>"; };
		67C18135198A0A12008980FB /* ARCTestDemoTests.xctest */ = {isa = PBXFileReference; explicitFileType = wrapper.cfbundle; includeInIndex = 0; path = ARCTestDemoTests.xctest; sourceTree = BUILT_PRODUCTS_DIR; };
		67C18136198A0A12008980FB /* XCTest.framework */ = {isa = PBXFileReference; lastKnownFileType = wrapper.framework; name = XCTest.framework; path = Library/Frameworks/XCTest.framework; sourceTree = DEVELOPER_DIR; };
		67C1813E198A0A12008980FB /* ARCTestDemoTests-Info.plist */ = {isa = PBXFileReference; lastKnownFileType = text.plist.xml; path = "ARCTestDemoTests-Info.plist"; sourceTree = "<group>"; };
		67C18140198A0A12008980FB /* en */ = {isa = PBXFileReference; lastKnownFileType = text.plist.strings; name = en; path = en.lproj/InfoPlist.strings; sourceTree = "<group>"; };
		67C18142198A0A12008980FB /* ARCTestDemoTests.m */ = {isa = PBXFileReference; lastKnownFileType = sourcecode.c.objc; path = ARCTestDemoTests.m; sourceTree = "<group>"; };
		67C1814C198A0A29008980FB /* ViewController.h */ = {isa = PBXFileReference; fileEncoding = 4; lastKnownFileType = sourcecode.c.h; path = ViewController.h; sourceTree = "<group>"; };
		67C1814D198A0A29008980FB /* ViewController.m */ = {isa = PBXFileReference; fileEncoding = 4; lastKnownFileType = sourcecode.c.objc; path = ViewController.m; sourceTree = "<group>"; };
		67C1814F198A0A8D008980FB /* ARCTestView.h */ = {isa = PBXFileReference; fileEncoding = 4; lastKnownFileType = sourcecode.c.h; path = ARCTestView.h; sourceTree = "<group>"; };
		67C18150198A0A8D008980FB /* ARCTestView.m */ = {isa = PBXFileReference; fileEncoding = 4; lastKnownFileType = sourcecode.c.objc; path = ARCTestView.m; sourceTree = "<group>"; };
		67C18155198A1247008980FB /* SubView.h */ = {isa = PBXFileReference; fileEncoding = 4; lastKnownFileType = sourcecode.c.h; path = SubView.h; sourceTree = "<group>"; };
		67C18156198A1247008980FB /* SubView.m */ = {isa = PBXFileReference; fileEncoding = 4; lastKnownFileType = sourcecode.c.objc; path = SubView.m; sourceTree = "<group>"; };
/* End PBXFileReference section */

/* Begin PBXFrameworksBuildPhase section */
		67C18117198A0A12008980FB /* Frameworks */ = {
			isa = PBXFrameworksBuildPhase;
			buildActionMask = 2147483647;
			files = (
				67C18120198A0A12008980FB /* CoreGraphics.framework in Frameworks */,
				67C18122198A0A12008980FB /* UIKit.framework in Frameworks */,
				67C1811E198A0A12008980FB /* Foundation.framework in Frameworks */,
			);
			runOnlyForDeploymentPostprocessing = 0;
		};
		67C18132198A0A12008980FB /* Frameworks */ = {
			isa = PBXFrameworksBuildPhase;
			buildActionMask = 2147483647;
			files = (
				67C18137198A0A12008980FB /* XCTest.framework in Frameworks */,
				67C18139198A0A12008980FB /* UIKit.framework in Frameworks */,
				67C18138198A0A12008980FB /* Foundation.framework in Frameworks */,
			);
			runOnlyForDeploymentPostprocessing = 0;
		};
/* End PBXFrameworksBuildPhase section */

/* Begin PBXGroup section */
		67C18111198A0A12008980FB = {
			isa = PBXGroup;
			children = (
				67C18123198A0A12008980FB /* ARCTestDemo */,
				67C1813C198A0A12008980FB /* ARCTestDemoTests */,
				67C1811C198A0A12008980FB /* Frameworks */,
				67C1811B198A0A12008980FB /* Products */,
			);
			sourceTree = "<group>";
		};
		67C1811B198A0A12008980FB /* Products */ = {
			isa = PBXGroup;
			children = (
				67C1811A198A0A12008980FB /* ARCTestDemo.app */,
				67C18135198A0A12008980FB /* ARCTestDemoTests.xctest */,
			);
			name = Products;
			sourceTree = "<group>";
		};
		67C1811C198A0A12008980FB /* Frameworks */ = {
			isa = PBXGroup;
			children = (
				67C1811D198A0A12008980FB /* Foundation.framework */,
				67C1811F198A0A12008980FB /* CoreGraphics.framework */,
				67C18121198A0A12008980FB /* UIKit.framework */,
				67C18136198A0A12008980FB /* XCTest.framework */,
			);
			name = Frameworks;
			sourceTree = "<group>";
		};
		67C18123198A0A12008980FB /* ARCTestDemo */ = {
			isa = PBXGroup;
			children = (
				67C1812C198A0A12008980FB /* AppDelegate.h */,
				67C1812D198A0A12008980FB /* AppDelegate.m */,
				67C1814C198A0A29008980FB /* ViewController.h */,
				67C1814D198A0A29008980FB /* ViewController.m */,
				67C1814F198A0A8D008980FB /* ARCTestView.h */,
				67C18150198A0A8D008980FB /* ARCTestView.m */,
				67C18155198A1247008980FB /* SubView.h */,
				67C18156198A1247008980FB /* SubView.m */,
				67C1812F198A0A12008980FB /* Images.xcassets */,
				67C18124198A0A12008980FB /* Supporting Files */,
			);
			path = ARCTestDemo;
			sourceTree = "<group>";
		};
		67C18124198A0A12008980FB /* Supporting Files */ = {
			isa = PBXGroup;
			children = (
				67C18125198A0A12008980FB /* ARCTestDemo-Info.plist */,
				67C18126198A0A12008980FB /* InfoPlist.strings */,
				67C18129198A0A12008980FB /* main.m */,
				67C1812B198A0A12008980FB /* ARCTestDemo-Prefix.pch */,
			);
			name = "Supporting Files";
			sourceTree = "<group>";
		};
		67C1813C198A0A12008980FB /* ARCTestDemoTests */ = {
			isa = PBXGroup;
			children = (
				67C18142198A0A12008980FB /* ARCTestDemoTests.m */,
				67C1813D198A0A12008980FB /* Supporting Files */,
			);
			path = ARCTestDemoTests;
			sourceTree = "<group>";
		};
		67C1813D198A0A12008980FB /* Supporting Files */ = {
			isa = PBXGroup;
			children = (
				67C1813E198A0A12008980FB /* ARCTestDemoTests-Info.plist */,
				67C1813F198A0A12008980FB /* InfoPlist.strings */,
			);
			name = "Supporting Files";
			sourceTree = "<group>";
		};
/* End PBXGroup section */

/* Begin PBXNativeTarget section */
		67C18119198A0A12008980FB /* ARCTestDemo */ = {
			isa = PBXNativeTarget;
			buildConfigurationList = 67C18146198A0A12008980FB /* Build configuration list for PBXNativeTarget "ARCTestDemo" */;
			buildPhases = (
				67C18116198A0A12008980FB /* Sources */,
				67C18117198A0A12008980FB /* Frameworks */,
				67C18118198A0A12008980FB /* Resources */,
			);
			buildRules = (
			);
			dependencies = (
			);
			name = ARCTestDemo;
			productName = ARCTestDemo;
			productReference = 67C1811A198A0A12008980FB /* ARCTestDemo.app */;
			productType = "com.apple.product-type.application";
		};
		67C18134198A0A12008980FB /* ARCTestDemoTests */ = {
			isa = PBXNativeTarget;
			buildConfigurationList = 67C18149198A0A12008980FB /* Build configuration list for PBXNativeTarget "ARCTestDemoTests" */;
			buildPhases = (
				67C18131198A0A12008980FB /* Sources */,
				67C18132198A0A12008980FB /* Frameworks */,
				67C18133198A0A12008980FB /* Resources */,
			);
			buildRules = (
			);
			dependencies = (
				67C1813B198A0A12008980FB /* PBXTargetDependency */,
			);
			name = ARCTestDemoTests;
			productName = ARCTestDemoTests;
			productReference = 67C18135198A0A12008980FB /* ARCTestDemoTests.xctest */;
			productType = "com.apple.product-type.bundle.unit-test";
		};
/* End PBXNativeTarget section */

/* Begin PBXProject section */
		67C18112198A0A12008980FB /* Project object */ = {
			isa = PBXProject;
			attributes = {
				LastUpgradeCheck = 0510;
				ORGANIZATIONNAME = "林峰";
				TargetAttributes = {
					67C18134198A0A12008980FB = {
						TestTargetID = 67C18119198A0A12008980FB;
					};
				};
			};
			buildConfigurationList = 67C18115198A0A12008980FB /* Build configuration list for PBXProject "ARCTestDemo" */;
			compatibilityVersion = "Xcode 3.2";
			developmentRegion = English;
			hasScannedForEncodings = 0;
			knownRegions = (
				en,
			);
			mainGroup = 67C18111198A0A12008980FB;
			productRefGroup = 67C1811B198A0A12008980FB /* Products */;
			projectDirPath = "";
			projectRoot = "";
			targets = (
				67C18119198A0A12008980FB /* ARCTestDemo */,
				67C18134198A0A12008980FB /* ARCTestDemoTests */,
			);
		};
/* End PBXProject section */

/* Begin PBXResourcesBuildPhase section */
		67C18118198A0A12008980FB /* Resources */ = {
			isa = PBXResourcesBuildPhase;
			buildActionMask = 2147483647;
			files = (
				67C18128198A0A12008980FB /* InfoPlist.strings in Resources */,
				67C18130198A0A12008980FB /* Images.xcassets in Resources */,
			);
			runOnlyForDeploymentPostprocessing = 0;
		};
		67C18133198A0A12008980FB /* Resources */ = {
			isa = PBXResourcesBuildPhase;
			buildActionMask = 2147483647;
			files = (
				67C18141198A0A12008980FB /* InfoPlist.strings in Resources */,
			);
			runOnlyForDeploymentPostprocessing = 0;
		};
/* End PBXResourcesBuildPhase section */

/* Begin PBXSourcesBuildPhase section */
		67C18116198A0A12008980FB /* Sources */ = {
			isa = PBXSourcesBuildPhase;
			buildActionMask = 2147483647;
			files = (
				67C1814E198A0A29008980FB /* ViewController.m in Sources */,
				67C18151198A0A8D008980FB /* ARCTestView.m in Sources */,
				67C1812E198A0A12008980FB /* AppDelegate.m in Sources */,
				67C1812A198A0A12008980FB /* main.m in Sources */,
				67C18157198A1247008980FB /* SubView.m in Sources */,
			);
			runOnlyForDeploymentPostprocessing = 0;
		};
		67C18131198A0A12008980FB /* Sources */ = {
			isa = PBXSourcesBuildPhase;
			buildActionMask = 2147483647;
			files = (
				67C18143198A0A12008980FB /* ARCTestDemoTests.m in Sources */,
			);
			runOnlyForDeploymentPostprocessing = 0;
		};
/* End PBXSourcesBuildPhase section */

/* Begin PBXTargetDependency section */
		67C1813B198A0A12008980FB /* PBXTargetDependency */ = {
			isa = PBXTargetDependency;
			target = 67C18119198A0A12008980FB /* ARCTestDemo */;
			targetProxy = 67C1813A198A0A12008980FB /* PBXContainerItemProxy */;
		};
/* End PBXTargetDependency section */

/* Begin PBXVariantGroup section */
		67C18126198A0A12008980FB /* InfoPlist.strings */ = {
			isa = PBXVariantGroup;
			children = (
				67C18127198A0A12008980FB /* en */,
			);
			name = InfoPlist.strings;
			sourceTree = "<group>";
		};
		67C1813F198A0A12008980FB /* InfoPlist.strings */ = {
			isa = PBXVariantGroup;
			children = (
				67C18140198A0A12008980FB /* en */,
			);
			name = InfoPlist.strings;
			sourceTree = "<group>";
		};
/* End PBXVariantGroup section */

/* Begin XCBuildConfiguration section */
		67C18144198A0A12008980FB /* Debug */ = {
			isa = XCBuildConfiguration;
			buildSettings = {
				ALWAYS_SEARCH_USER_PATHS = NO;
				CLANG_CXX_LANGUAGE_STANDARD = "gnu++0x";
				CLANG_CXX_LIBRARY = "libc++";
				CLANG_ENABLE_MODULES = YES;
				CLANG_ENABLE_OBJC_ARC = YES;
				CLANG_WARN_BOOL_CONVERSION = YES;
				CLANG_WARN_CONSTANT_CONVERSION = YES;
				CLANG_WARN_DIRECT_OBJC_ISA_USAGE = YES_ERROR;
				CLANG_WARN_EMPTY_BODY = YES;
				CLANG_WARN_ENUM_CONVERSION = YES;
				CLANG_WARN_INT_CONVERSION = YES;
				CLANG_WARN_OBJC_ROOT_CLASS = YES_ERROR;
				CLANG_WARN__DUPLICATE_METHOD_MATCH = YES;
				"CODE_SIGN_IDENTITY[sdk=iphoneos*]" = "iPhone Developer";
				COPY_PHASE_STRIP = NO;
				GCC_C_LANGUAGE_STANDARD = gnu99;
				GCC_DYNAMIC_NO_PIC = NO;
				GCC_OPTIMIZATION_LEVEL = 0;
				GCC_PREPROCESSOR_DEFINITIONS = (
					"DEBUG=1",
					"$(inherited)",
				);
				GCC_SYMBOLS_PRIVATE_EXTERN = NO;
				GCC_WARN_64_TO_32_BIT_CONVERSION = YES;
				GCC_WARN_ABOUT_RETURN_TYPE = YES_ERROR;
				GCC_WARN_UNDECLARED_SELECTOR = YES;
				GCC_WARN_UNINITIALIZED_AUTOS = YES_AGGRESSIVE;
				GCC_WARN_UNUSED_FUNCTION = YES;
				GCC_WARN_UNUSED_VARIABLE = YES;
				IPHONEOS_DEPLOYMENT_TARGET = 7.1;
				ONLY_ACTIVE_ARCH = YES;
				SDKROOT = iphoneos;
			};
			name = Debug;
		};
		67C18145198A0A12008980FB /* Release */ = {
			isa = XCBuildConfiguration;
			buildSettings = {
				ALWAYS_SEARCH_USER_PATHS = NO;
				CLANG_CXX_LANGUAGE_STANDARD = "gnu++0x";
				CLANG_CXX_LIBRARY = "libc++";
				CLANG_ENABLE_MODULES = YES;
				CLANG_ENABLE_OBJC_ARC = YES;
				CLANG_WARN_BOOL_CONVERSION = YES;
				CLANG_WARN_CONSTANT_CONVERSION = YES;
				CLANG_WARN_DIRECT_OBJC_ISA_USAGE = YES_ERROR;
				CLANG_WARN_EMPTY_BODY = YES;
				CLANG_WARN_ENUM_CONVERSION = YES;
				CLANG_WARN_INT_CONVERSION = YES;
				CLANG_WARN_OBJC_ROOT_CLASS = YES_ERROR;
				CLANG_WARN__DUPLICATE_METHOD_MATCH = YES;
				"CODE_SIGN_IDENTITY[sdk=iphoneos*]" = "iPhone Developer";
				COPY_PHASE_STRIP = YES;
				ENABLE_NS_ASSERTIONS = NO;
				GCC_C_LANGUAGE_STANDARD = gnu99;
				GCC_WARN_64_TO_32_BIT_CONVERSION = YES;
				GCC_WARN_ABOUT_RETURN_TYPE = YES_ERROR;
				GCC_WARN_UNDECLARED_SELECTOR = YES;
				GCC_WARN_UNINITIALIZED_AUTOS = YES_AGGRESSIVE;
				GCC_WARN_UNUSED_FUNCTION = YES;
				GCC_WARN_UNUSED_VARIABLE = YES;
				IPHONEOS_DEPLOYMENT_TARGET = 7.1;
				SDKROOT = iphoneos;
				VALIDATE_PRODUCT = YES;
			};
			name = Release;
		};
		67C18147198A0A12008980FB /* Debug */ = {
			isa = XCBuildConfiguration;
			buildSettings = {
				ASSETCATALOG_COMPILER_APPICON_NAME = AppIcon;
				ASSETCATALOG_COMPILER_LAUNCHIMAGE_NAME = LaunchImage;
				GCC_PRECOMPILE_PREFIX_HEADER = YES;
				GCC_PREFIX_HEADER = "ARCTestDemo/ARCTestDemo-Prefix.pch";
				INFOPLIST_FILE = "ARCTestDemo/ARCTestDemo-Info.plist";
				PRODUCT_NAME = "$(TARGET_NAME)";
				WRAPPER_EXTENSION = app;
			};
			name = Debug;
		};
		67C18148198A0A12008980FB /* Release */ = {
			isa = XCBuildConfiguration;
			buildSettings = {
				ASSETCATALOG_COMPILER_APPICON_NAME = AppIcon;
				ASSETCATALOG_COMPILER_LAUNCHIMAGE_NAME = LaunchImage;
				GCC_PRECOMPILE_PREFIX_HEADER = YES;
				GCC_PREFIX_HEADER = "ARCTestDemo/ARCTestDemo-Prefix.pch";
				INFOPLIST_FILE = "ARCTestDemo/ARCTestDemo-Info.plist";
				PRODUCT_NAME = "$(TARGET_NAME)";
				WRAPPER_EXTENSION = app;
			};
			name = Release;
		};
		67C1814A198A0A12008980FB /* Debug */ = {
			isa = XCBuildConfiguration;
			buildSettings = {
				BUNDLE_LOADER = "$(BUILT_PRODUCTS_DIR)/ARCTestDemo.app/ARCTestDemo";
				FRAMEWORK_SEARCH_PATHS = (
					"$(SDKROOT)/Developer/Library/Frameworks",
					"$(inherited)",
					"$(DEVELOPER_FRAMEWORKS_DIR)",
				);
				GCC_PRECOMPILE_PREFIX_HEADER = YES;
				GCC_PREFIX_HEADER = "ARCTestDemo/ARCTestDemo-Prefix.pch";
				GCC_PREPROCESSOR_DEFINITIONS = (
					"DEBUG=1",
					"$(inherited)",
				);
				INFOPLIST_FILE = "ARCTestDemoTests/ARCTestDemoTests-Info.plist";
				PRODUCT_NAME = "$(TARGET_NAME)";
				TEST_HOST = "$(BUNDLE_LOADER)";
				WRAPPER_EXTENSION = xctest;
			};
			name = Debug;
		};
		67C1814B198A0A12008980FB /* Release */ = {
			isa = XCBuildConfiguration;
			buildSettings = {
				BUNDLE_LOADER = "$(BUILT_PRODUCTS_DIR)/ARCTestDemo.app/ARCTestDemo";
				FRAMEWORK_SEARCH_PATHS = (
					"$(SDKROOT)/Developer/Library/Frameworks",
					"$(inherited)",
					"$(DEVELOPER_FRAMEWORKS_DIR)",
				);
				GCC_PRECOMPILE_PREFIX_HEADER = YES;
				GCC_PREFIX_HEADER = "ARCTestDemo/ARCTestDemo-Prefix.pch";
				INFOPLIST_FILE = "ARCTestDemoTests/ARCTestDemoTests-Info.plist";
				PRODUCT_NAME = "$(TARGET_NAME)";
				TEST_HOST = "$(BUNDLE_LOADER)";
				WRAPPER_EXTENSION = xctest;
			};
			name = Release;
		};
/* End XCBuildConfiguration section */

/* Begin XCConfigurationList section */
		67C18115198A0A12008980FB /* Build configuration list for PBXProject "ARCTestDemo" */ = {
			isa = XCConfigurationList;
			buildConfigurations = (
				67C18144198A0A12008980FB /* Debug */,
				67C18145198A0A12008980FB /* Release */,
			);
			defaultConfigurationIsVisible = 0;
			defaultConfigurationName = Release;
		};
		67C18146198A0A12008980FB /* Build configuration list for PBXNativeTarget "ARCTestDemo" */ = {
			isa = XCConfigurationList;
			buildConfigurations = (
				67C18147198A0A12008980FB /* Debug */,
				67C18148198A0A12008980FB /* Release */,
			);
			defaultConfigurationIsVisible = 0;
		};
		67C18149198A0A12008980FB /* Build configuration list for PBXNativeTarget "ARCTestDemoTests" */ = {
			isa = XCConfigurationList;
			buildConfigurations = (
				67C1814A198A0A12008980FB /* Debug */,
				67C1814B198A0A12008980FB /* Release */,
			);
			defaultConfigurationIsVisible = 0;
		};
/* End XCConfigurationList section */
	};
	rootObject = 67C18112198A0A12008980FB /* Project object */;
}
